
Microsoft Visual Studio Solution File, Format Version 12.00
# Visual Studio Version 17
VisualStudioVersion = 17.9.34701.34
MinimumVisualStudioVersion = 10.0.40219.1
Project("{2150E333-8FDC-42A3-9474-1A3956D46DE8}") = "Solution Items", "Solution Items", "{6EB42FF7-1243-43F6-9429-B306DF83C6F3}"
	ProjectSection(SolutionItems) = preProject
		.editorconfig = .editorconfig
		Directory.Build.props = Directory.Build.props
	EndProjectSection
EndProject
Project("{2150E333-8FDC-42A3-9474-1A3956D46DE8}") = "src", "src", "{B5C51F4F-F2C6-49DF-B0B3-3C5FD8AEDFC4}"
EndProject
Project("{2150E333-8FDC-42A3-9474-1A3956D46DE8}") = "API", "API", "{BAEBAFF6-60CE-4ED2-9EFE-421A2B286BB8}"
EndProject
Project("{2150E333-8FDC-42A3-9474-1A3956D46DE8}") = "Modules", "Modules", "{29C8CD28-F58F-42E5-B8F7-53C1349EFF80}"
EndProject
Project("{2150E333-8FDC-42A3-9474-1A3956D46DE8}") = "Events", "Events", "{21C7B96E-F9CF-4351-A089-73B1C711F107}"
EndProject
Project("{FAE04EC0-301F-11D3-BF4B-00C04F79EFBC}") = "Evently.Api", "src\API\Evently.Api\Evently.Api.csproj", "{485CA41C-F02E-4DB8-892C-F4342B4FB955}"
EndProject
Project("{E53339B2-1760-4266-BCC7-CA923CBCF16C}") = "docker-compose", "docker-compose.dcproj", "{B315B754-22D3-47FC-92D6-0B5532183268}"
EndProject
Project("{FAE04EC0-301F-11D3-BF4B-00C04F79EFBC}") = "Evently.Modules.Events.Domain", "src\Modules\Events\Evently.Modules.Events.Domain\Evently.Modules.Events.Domain.csproj", "{8F8A9A34-4B0A-46E1-ACF5-EF09A604CF4F}"
EndProject
Project("{FAE04EC0-301F-11D3-BF4B-00C04F79EFBC}") = "Evently.Modules.Events.Application", "src\Modules\Events\Evently.Modules.Events.Application\Evently.Modules.Events.Application.csproj", "{986BAEB9-F96A-4265-A5C4-5ACB17D62F7E}"
EndProject
Project("{FAE04EC0-301F-11D3-BF4B-00C04F79EFBC}") = "Evently.Modules.Events.Infrastructure", "src\Modules\Events\Evently.Modules.Events.Infrastructure\Evently.Modules.Events.Infrastructure.csproj", "{164D292D-4868-47EF-9BD7-36A02F32808C}"
EndProject
Project("{FAE04EC0-301F-11D3-BF4B-00C04F79EFBC}") = "Evently.Modules.Events.Presentation", "src\Modules\Events\Evently.Modules.Events.Presentation\Evently.Modules.Events.Presentation.csproj", "{3D9FC7EC-D69C-4FD2-8336-539313C84801}"
EndProject
Project("{2150E333-8FDC-42A3-9474-1A3956D46DE8}") = "Common", "Common", "{0035786D-8979-4BCC-B640-42228162E55B}"
EndProject
Project("{FAE04EC0-301F-11D3-BF4B-00C04F79EFBC}") = "Evently.Common.Application", "src\Common\Evently.Common.Application\Evently.Common.Application.csproj", "{55ECFEC5-9F02-4374-B757-663146923CDC}"
EndProject
Project("{FAE04EC0-301F-11D3-BF4B-00C04F79EFBC}") = "Evently.Common.Domain", "src\Common\Evently.Common.Domain\Evently.Common.Domain.csproj", "{BF8F2D69-7B2A-48C3-8E9B-5058590C85E5}"
EndProject
Project("{FAE04EC0-301F-11D3-BF4B-00C04F79EFBC}") = "Evently.Common.Infrastructure", "src\Common\Evently.Common.Infrastructure\Evently.Common.Infrastructure.csproj", "{E0A75CF7-0AD6-436C-B029-980563A26A26}"
EndProject
Project("{FAE04EC0-301F-11D3-BF4B-00C04F79EFBC}") = "Evently.Common.Presentation", "src\Common\Evently.Common.Presentation\Evently.Common.Presentation.csproj", "{996C5921-C1E3-456B-AB81-48F4F8108452}"
EndProject
Project("{2150E333-8FDC-42A3-9474-1A3956D46DE8}") = "Users", "Users", "{9AF5D98C-BBD8-40D9-BEE8-37EC9DAB49B9}"
EndProject
Project("{FAE04EC0-301F-11D3-BF4B-00C04F79EFBC}") = "Evently.Modules.Users.Application", "src\Modules\Users\Evently.Modules.Users.Application\Evently.Modules.Users.Application.csproj", "{0F10277C-2E75-4DE8-8BE0-518BB12CE971}"
EndProject
Project("{FAE04EC0-301F-11D3-BF4B-00C04F79EFBC}") = "Evently.Modules.Users.Domain", "src\Modules\Users\Evently.Modules.Users.Domain\Evently.Modules.Users.Domain.csproj", "{DD335E63-6452-4879-90F7-E61F296A9FE7}"
EndProject
Project("{FAE04EC0-301F-11D3-BF4B-00C04F79EFBC}") = "Evently.Modules.Users.Infrastructure", "src\Modules\Users\Evently.Modules.Users.Infrastructure\Evently.Modules.Users.Infrastructure.csproj", "{34B0F5F8-D04E-499C-85C9-5CC274055EDF}"
EndProject
Project("{FAE04EC0-301F-11D3-BF4B-00C04F79EFBC}") = "Evently.Modules.Users.Presentation", "src\Modules\Users\Evently.Modules.Users.Presentation\Evently.Modules.Users.Presentation.csproj", "{7A67C86C-9DCB-4CA2-ACEF-D51DDCC52EED}"
EndProject
Project("{2150E333-8FDC-42A3-9474-1A3956D46DE8}") = "Ticketing", "Ticketing", "{A3781AF6-A663-4000-8432-51B5AC5E755B}"
EndProject
Project("{FAE04EC0-301F-11D3-BF4B-00C04F79EFBC}") = "Evently.Modules.Ticketing.Application", "src\Modules\Ticketing\Evently.Modules.Ticketing.Application\Evently.Modules.Ticketing.Application.csproj", "{9489A8E2-A330-4C64-BEDF-0381B5400CE8}"
EndProject
Project("{FAE04EC0-301F-11D3-BF4B-00C04F79EFBC}") = "Evently.Modules.Ticketing.Domain", "src\Modules\Ticketing\Evently.Modules.Ticketing.Domain\Evently.Modules.Ticketing.Domain.csproj", "{65B09418-40DF-4117-99E7-88656E83344B}"
EndProject
Project("{FAE04EC0-301F-11D3-BF4B-00C04F79EFBC}") = "Evently.Modules.Ticketing.Infrastructure", "src\Modules\Ticketing\Evently.Modules.Ticketing.Infrastructure\Evently.Modules.Ticketing.Infrastructure.csproj", "{D11F3008-C90D-4990-A0FB-5459B0F33CFE}"
EndProject
Project("{FAE04EC0-301F-11D3-BF4B-00C04F79EFBC}") = "Evently.Modules.Ticketing.Presentation", "src\Modules\Ticketing\Evently.Modules.Ticketing.Presentation\Evently.Modules.Ticketing.Presentation.csproj", "{068F1ACF-F73F-4914-ABD3-D3D130C64AC7}"
EndProject
Project("{FAE04EC0-301F-11D3-BF4B-00C04F79EFBC}") = "Evently.Modules.Users.IntegrationEvents", "src\Modules\Users\Evently.Modules.Users.IntegrationEvents\Evently.Modules.Users.IntegrationEvents.csproj", "{0C4A809A-48FE-421E-BD35-5B01D2FE5DD8}"
EndProject
Project("{2150E333-8FDC-42A3-9474-1A3956D46DE8}") = "Attendance", "Attendance", "{02EA681E-C7D8-13C7-8484-4AC65E1B71E8}"
EndProject
Project("{FAE04EC0-301F-11D3-BF4B-00C04F79EFBC}") = "Evently.Modules.Attendance.Application", "src\Modules\Attendance\Evently.Modules.Attendance.Application\Evently.Modules.Attendance.Application.csproj", "{0DCD8F1B-AB87-C767-9805-6858C7CF2BAB}"
EndProject
Project("{FAE04EC0-301F-11D3-BF4B-00C04F79EFBC}") = "Evently.Modules.Attendance.Domain", "src\Modules\Attendance\Evently.Modules.Attendance.Domain\Evently.Modules.Attendance.Domain.csproj", "{993C8A17-62A8-FE90-8E46-2C40AB6493CF}"
EndProject
Project("{FAE04EC0-301F-11D3-BF4B-00C04F79EFBC}") = "Evently.Modules.Attendance.Infrastructure", "src\Modules\Attendance\Evently.Modules.Attendance.Infrastructure\Evently.Modules.Attendance.Infrastructure.csproj", "{875ADDF3-BFFE-AB74-F10E-83E133EA06FB}"
EndProject
Project("{FAE04EC0-301F-11D3-BF4B-00C04F79EFBC}") = "Evently.Modules.Attendance.IntegrationEvents", "src\Modules\Attendance\Evently.Modules.Attendance.IntegrationEvents\Evently.Modules.Attendance.IntegrationEvents.csproj", "{1F25382D-93C5-D9B4-B061-FC0A030404CA}"
EndProject
Project("{FAE04EC0-301F-11D3-BF4B-00C04F79EFBC}") = "Evently.Modules.Attendance.Presentation", "src\Modules\Attendance\Evently.Modules.Attendance.Presentation\Evently.Modules.Attendance.Presentation.csproj", "{9CE3CC79-1CE6-4168-BB1E-DB8EE0DDECB4}"
EndProject
Project("{FAE04EC0-301F-11D3-BF4B-00C04F79EFBC}") = "Evently.Modules.Ticketing.IntegrationEvents", "src\Modules\Ticketing\Evently.Modules.Ticketing.IntegrationEvents\Evently.Modules.Ticketing.IntegrationEvents.csproj", "{35236BB1-B8B6-2E8F-2095-402E43DCDEDF}"
EndProject
Project("{FAE04EC0-301F-11D3-BF4B-00C04F79EFBC}") = "Evently.Modules.Events.IntegrationEvents", "src\Modules\Events\Evently.Modules.Events.IntegrationEvents\Evently.Modules.Events.IntegrationEvents.csproj", "{71BB8898-3B67-E524-9E77-CBE63F4C4E21}"
EndProject
Project("{2150E333-8FDC-42A3-9474-1A3956D46DE8}") = "test", "test", "{C9FEF3A4-DC46-4800-9685-9C9777B85867}"
EndProject
Project("{FAE04EC0-301F-11D3-BF4B-00C04F79EFBC}") = "Evently.ArchitectureTests", "test\Evently.ArchitectureTests\Evently.ArchitectureTests.csproj", "{4F6AF330-5D47-4D50-9049-DC914B66D804}"
EndProject
Project("{2150E333-8FDC-42A3-9474-1A3956D46DE8}") = "test", "test", "{EEDD5C1A-7E54-4E2F-921D-A3A5234463B3}"
EndProject
Project("{FAE04EC0-301F-11D3-BF4B-00C04F79EFBC}") = "Evently.Modules.Users.ArchitectureTests", "src\Modules\Users\Evently.Modules.Users.ArchitectureTests\Evently.Modules.Users.ArchitectureTests.csproj", "{AD017F07-5A8D-4291-90B1-0F373E93D71B}"
EndProject
Project("{2150E333-8FDC-42A3-9474-1A3956D46DE8}") = "test", "test", "{DED42F8B-386D-42EC-AEC4-1A77F54E292B}"
EndProject
Project("{FAE04EC0-301F-11D3-BF4B-00C04F79EFBC}") = "Evently.Modules.Ticketing.ArchitectureTests", "src\Modules\Ticketing\Evently.Modules.Ticketing.ArchitectureTests\Evently.Modules.Ticketing.ArchitectureTests.csproj", "{9CF05796-8D68-4521-B446-43DE5FD6C315}"
EndProject
Project("{2150E333-8FDC-42A3-9474-1A3956D46DE8}") = "test", "test", "{7C2824C4-5A76-4BEA-9BF3-6C11D9971F06}"
EndProject
Project("{FAE04EC0-301F-11D3-BF4B-00C04F79EFBC}") = "Evently.Modules.Events.ArchitectureTests", "src\Modules\Events\Evently.Modules.Events.ArchitectureTests\Evently.Modules.Events.ArchitectureTests.csproj", "{AF3A1C6B-DA33-4A75-9888-E91C2EA13C86}"
EndProject
Project("{2150E333-8FDC-42A3-9474-1A3956D46DE8}") = "test", "test", "{4D492B9E-1028-4087-AA81-5B15006E972B}"
EndProject
Project("{FAE04EC0-301F-11D3-BF4B-00C04F79EFBC}") = "Evently.Modules.Attendance.ArchitectureTests", "src\Modules\Attendance\Evently.Modules.Attendance.ArchitectureTests\Evently.Modules.Attendance.ArchitectureTests.csproj", "{62CC5F68-F9AB-4536-982E-4528638BDE16}"
EndProject
Project("{FAE04EC0-301F-11D3-BF4B-00C04F79EFBC}") = "Evently.Modules.Events.UnitTests", "src\Modules\Events\Evently.Modules.Events.UnitTests\Evently.Modules.Events.UnitTests.csproj", "{993A9D84-ADF2-4A61-8801-12329231678C}"
EndProject
Project("{FAE04EC0-301F-11D3-BF4B-00C04F79EFBC}") = "Evently.Modules.Users.IntegrationTests", "src\Modules\Users\Evently.Modules.Users.IntegrationTests\Evently.Modules.Users.IntegrationTests.csproj", "{AF9E031A-C2AB-4F63-9991-1A70359DF9E9}"
EndProject
Project("{FAE04EC0-301F-11D3-BF4B-00C04F79EFBC}") = "Evently.IntegrationTests", "test\Evently.IntegrationTests\Evently.IntegrationTests.csproj", "{9532ABCF-941D-4F2E-AC7B-C860A3154ABE}"
EndProject
Project("{FAE04EC0-301F-11D3-BF4B-00C04F79EFBC}") = "Evently.Modules.Attendance.IntegrationTests", "src\Modules\Attendance\Evently.Modules.Attendance.IntegrationTests\Evently.Modules.Attendance.IntegrationTests.csproj", "{B64F347B-C146-42EE-AEA8-890CA2B42F58}"
EndProject
Project("{FAE04EC0-301F-11D3-BF4B-00C04F79EFBC}") = "Evently.Modules.Attendance.UnitTests", "src\Modules\Attendance\Evently.Modules.Attendance.UnitTests\Evently.Modules.Attendance.UnitTests.csproj", "{A7D9CBDD-EC09-4A2C-AC61-79F8EE0AB2AB}"
EndProject
Project("{FAE04EC0-301F-11D3-BF4B-00C04F79EFBC}") = "Evently.Modules.Events.IntegrationTests", "src\Modules\Events\Evently.Modules.Events.IntegrationTests\Evently.Modules.Events.IntegrationTests.csproj", "{DD9C7095-CD50-4192-BC2E-F608DB44ED9A}"
EndProject
Project("{FAE04EC0-301F-11D3-BF4B-00C04F79EFBC}") = "Evently.Modules.Ticketing.IntegrationTests", "src\Modules\Ticketing\Evently.Modules.Ticketing.IntegrationTests\Evently.Modules.Ticketing.IntegrationTests.csproj", "{3EFA991C-9A3A-450D-AAD6-F73AE689A736}"
EndProject
Project("{FAE04EC0-301F-11D3-BF4B-00C04F79EFBC}") = "Evently.Modules.Ticketing.UnitTests", "src\Modules\Ticketing\Evently.Modules.Ticketing.UnitTests\Evently.Modules.Ticketing.UnitTests.csproj", "{8CA71664-C0A5-467A-8F21-867FE38507A7}"
EndProject
Project("{FAE04EC0-301F-11D3-BF4B-00C04F79EFBC}") = "Evently.Modules.Users.UnitTests", "src\Modules\Users\Evently.Modules.Users.UnitTests\Evently.Modules.Users.UnitTests.csproj", "{69251A33-56A8-42EF-AC39-D3C0B1263286}"
EndProject
Project("{FAE04EC0-301F-11D3-BF4B-00C04F79EFBC}") = "Evently.Gateway", "src\API\Evently.Gateway\Evently.Gateway.csproj", "{1F3817EF-5EC5-4311-AF1E-AC4CA014DEA4}"
EndProject
Global
	GlobalSection(SolutionConfigurationPlatforms) = preSolution
		Debug|Any CPU = Debug|Any CPU
		Release|Any CPU = Release|Any CPU
	EndGlobalSection
	GlobalSection(ProjectConfigurationPlatforms) = postSolution
		{485CA41C-F02E-4DB8-892C-F4342B4FB955}.Debug|Any CPU.ActiveCfg = Debug|Any CPU
		{485CA41C-F02E-4DB8-892C-F4342B4FB955}.Debug|Any CPU.Build.0 = Debug|Any CPU
		{485CA41C-F02E-4DB8-892C-F4342B4FB955}.Release|Any CPU.ActiveCfg = Release|Any CPU
		{485CA41C-F02E-4DB8-892C-F4342B4FB955}.Release|Any CPU.Build.0 = Release|Any CPU
		{B315B754-22D3-47FC-92D6-0B5532183268}.Debug|Any CPU.ActiveCfg = Debug|Any CPU
		{B315B754-22D3-47FC-92D6-0B5532183268}.Debug|Any CPU.Build.0 = Debug|Any CPU
		{B315B754-22D3-47FC-92D6-0B5532183268}.Release|Any CPU.ActiveCfg = Release|Any CPU
		{B315B754-22D3-47FC-92D6-0B5532183268}.Release|Any CPU.Build.0 = Release|Any CPU
		{8F8A9A34-4B0A-46E1-ACF5-EF09A604CF4F}.Debug|Any CPU.ActiveCfg = Debug|Any CPU
		{8F8A9A34-4B0A-46E1-ACF5-EF09A604CF4F}.Debug|Any CPU.Build.0 = Debug|Any CPU
		{8F8A9A34-4B0A-46E1-ACF5-EF09A604CF4F}.Release|Any CPU.ActiveCfg = Release|Any CPU
		{8F8A9A34-4B0A-46E1-ACF5-EF09A604CF4F}.Release|Any CPU.Build.0 = Release|Any CPU
		{986BAEB9-F96A-4265-A5C4-5ACB17D62F7E}.Debug|Any CPU.ActiveCfg = Debug|Any CPU
		{986BAEB9-F96A-4265-A5C4-5ACB17D62F7E}.Debug|Any CPU.Build.0 = Debug|Any CPU
		{986BAEB9-F96A-4265-A5C4-5ACB17D62F7E}.Release|Any CPU.ActiveCfg = Release|Any CPU
		{986BAEB9-F96A-4265-A5C4-5ACB17D62F7E}.Release|Any CPU.Build.0 = Release|Any CPU
		{164D292D-4868-47EF-9BD7-36A02F32808C}.Debug|Any CPU.ActiveCfg = Debug|Any CPU
		{164D292D-4868-47EF-9BD7-36A02F32808C}.Debug|Any CPU.Build.0 = Debug|Any CPU
		{164D292D-4868-47EF-9BD7-36A02F32808C}.Release|Any CPU.ActiveCfg = Release|Any CPU
		{164D292D-4868-47EF-9BD7-36A02F32808C}.Release|Any CPU.Build.0 = Release|Any CPU
		{3D9FC7EC-D69C-4FD2-8336-539313C84801}.Debug|Any CPU.ActiveCfg = Debug|Any CPU
		{3D9FC7EC-D69C-4FD2-8336-539313C84801}.Debug|Any CPU.Build.0 = Debug|Any CPU
		{3D9FC7EC-D69C-4FD2-8336-539313C84801}.Release|Any CPU.ActiveCfg = Release|Any CPU
		{3D9FC7EC-D69C-4FD2-8336-539313C84801}.Release|Any CPU.Build.0 = Release|Any CPU
		{55ECFEC5-9F02-4374-B757-663146923CDC}.Debug|Any CPU.ActiveCfg = Debug|Any CPU
		{55ECFEC5-9F02-4374-B757-663146923CDC}.Debug|Any CPU.Build.0 = Debug|Any CPU
		{55ECFEC5-9F02-4374-B757-663146923CDC}.Release|Any CPU.ActiveCfg = Release|Any CPU
		{55ECFEC5-9F02-4374-B757-663146923CDC}.Release|Any CPU.Build.0 = Release|Any CPU
		{BF8F2D69-7B2A-48C3-8E9B-5058590C85E5}.Debug|Any CPU.ActiveCfg = Debug|Any CPU
		{BF8F2D69-7B2A-48C3-8E9B-5058590C85E5}.Debug|Any CPU.Build.0 = Debug|Any CPU
		{BF8F2D69-7B2A-48C3-8E9B-5058590C85E5}.Release|Any CPU.ActiveCfg = Release|Any CPU
		{BF8F2D69-7B2A-48C3-8E9B-5058590C85E5}.Release|Any CPU.Build.0 = Release|Any CPU
		{E0A75CF7-0AD6-436C-B029-980563A26A26}.Debug|Any CPU.ActiveCfg = Debug|Any CPU
		{E0A75CF7-0AD6-436C-B029-980563A26A26}.Debug|Any CPU.Build.0 = Debug|Any CPU
		{E0A75CF7-0AD6-436C-B029-980563A26A26}.Release|Any CPU.ActiveCfg = Release|Any CPU
		{E0A75CF7-0AD6-436C-B029-980563A26A26}.Release|Any CPU.Build.0 = Release|Any CPU
		{996C5921-C1E3-456B-AB81-48F4F8108452}.Debug|Any CPU.ActiveCfg = Debug|Any CPU
		{996C5921-C1E3-456B-AB81-48F4F8108452}.Debug|Any CPU.Build.0 = Debug|Any CPU
		{996C5921-C1E3-456B-AB81-48F4F8108452}.Release|Any CPU.ActiveCfg = Release|Any CPU
		{996C5921-C1E3-456B-AB81-48F4F8108452}.Release|Any CPU.Build.0 = Release|Any CPU
		{0F10277C-2E75-4DE8-8BE0-518BB12CE971}.Debug|Any CPU.ActiveCfg = Debug|Any CPU
		{0F10277C-2E75-4DE8-8BE0-518BB12CE971}.Debug|Any CPU.Build.0 = Debug|Any CPU
		{0F10277C-2E75-4DE8-8BE0-518BB12CE971}.Release|Any CPU.ActiveCfg = Release|Any CPU
		{0F10277C-2E75-4DE8-8BE0-518BB12CE971}.Release|Any CPU.Build.0 = Release|Any CPU
		{DD335E63-6452-4879-90F7-E61F296A9FE7}.Debug|Any CPU.ActiveCfg = Debug|Any CPU
		{DD335E63-6452-4879-90F7-E61F296A9FE7}.Debug|Any CPU.Build.0 = Debug|Any CPU
		{DD335E63-6452-4879-90F7-E61F296A9FE7}.Release|Any CPU.ActiveCfg = Release|Any CPU
		{DD335E63-6452-4879-90F7-E61F296A9FE7}.Release|Any CPU.Build.0 = Release|Any CPU
		{34B0F5F8-D04E-499C-85C9-5CC274055EDF}.Debug|Any CPU.ActiveCfg = Debug|Any CPU
		{34B0F5F8-D04E-499C-85C9-5CC274055EDF}.Debug|Any CPU.Build.0 = Debug|Any CPU
		{34B0F5F8-D04E-499C-85C9-5CC274055EDF}.Release|Any CPU.ActiveCfg = Release|Any CPU
		{34B0F5F8-D04E-499C-85C9-5CC274055EDF}.Release|Any CPU.Build.0 = Release|Any CPU
		{7A67C86C-9DCB-4CA2-ACEF-D51DDCC52EED}.Debug|Any CPU.ActiveCfg = Debug|Any CPU
		{7A67C86C-9DCB-4CA2-ACEF-D51DDCC52EED}.Debug|Any CPU.Build.0 = Debug|Any CPU
		{7A67C86C-9DCB-4CA2-ACEF-D51DDCC52EED}.Release|Any CPU.ActiveCfg = Release|Any CPU
		{7A67C86C-9DCB-4CA2-ACEF-D51DDCC52EED}.Release|Any CPU.Build.0 = Release|Any CPU
		{9489A8E2-A330-4C64-BEDF-0381B5400CE8}.Debug|Any CPU.ActiveCfg = Debug|Any CPU
		{9489A8E2-A330-4C64-BEDF-0381B5400CE8}.Debug|Any CPU.Build.0 = Debug|Any CPU
		{9489A8E2-A330-4C64-BEDF-0381B5400CE8}.Release|Any CPU.ActiveCfg = Release|Any CPU
		{9489A8E2-A330-4C64-BEDF-0381B5400CE8}.Release|Any CPU.Build.0 = Release|Any CPU
		{65B09418-40DF-4117-99E7-88656E83344B}.Debug|Any CPU.ActiveCfg = Debug|Any CPU
		{65B09418-40DF-4117-99E7-88656E83344B}.Debug|Any CPU.Build.0 = Debug|Any CPU
		{65B09418-40DF-4117-99E7-88656E83344B}.Release|Any CPU.ActiveCfg = Release|Any CPU
		{65B09418-40DF-4117-99E7-88656E83344B}.Release|Any CPU.Build.0 = Release|Any CPU
		{D11F3008-C90D-4990-A0FB-5459B0F33CFE}.Debug|Any CPU.ActiveCfg = Debug|Any CPU
		{D11F3008-C90D-4990-A0FB-5459B0F33CFE}.Debug|Any CPU.Build.0 = Debug|Any CPU
		{D11F3008-C90D-4990-A0FB-5459B0F33CFE}.Release|Any CPU.ActiveCfg = Release|Any CPU
		{D11F3008-C90D-4990-A0FB-5459B0F33CFE}.Release|Any CPU.Build.0 = Release|Any CPU
		{068F1ACF-F73F-4914-ABD3-D3D130C64AC7}.Debug|Any CPU.ActiveCfg = Debug|Any CPU
		{068F1ACF-F73F-4914-ABD3-D3D130C64AC7}.Debug|Any CPU.Build.0 = Debug|Any CPU
		{068F1ACF-F73F-4914-ABD3-D3D130C64AC7}.Release|Any CPU.ActiveCfg = Release|Any CPU
		{068F1ACF-F73F-4914-ABD3-D3D130C64AC7}.Release|Any CPU.Build.0 = Release|Any CPU
		{0C4A809A-48FE-421E-BD35-5B01D2FE5DD8}.Debug|Any CPU.ActiveCfg = Debug|Any CPU
		{0C4A809A-48FE-421E-BD35-5B01D2FE5DD8}.Debug|Any CPU.Build.0 = Debug|Any CPU
		{0C4A809A-48FE-421E-BD35-5B01D2FE5DD8}.Release|Any CPU.ActiveCfg = Release|Any CPU
		{0C4A809A-48FE-421E-BD35-5B01D2FE5DD8}.Release|Any CPU.Build.0 = Release|Any CPU
		{0DCD8F1B-AB87-C767-9805-6858C7CF2BAB}.Debug|Any CPU.ActiveCfg = Debug|Any CPU
		{0DCD8F1B-AB87-C767-9805-6858C7CF2BAB}.Debug|Any CPU.Build.0 = Debug|Any CPU
		{0DCD8F1B-AB87-C767-9805-6858C7CF2BAB}.Release|Any CPU.ActiveCfg = Release|Any CPU
		{0DCD8F1B-AB87-C767-9805-6858C7CF2BAB}.Release|Any CPU.Build.0 = Release|Any CPU
		{993C8A17-62A8-FE90-8E46-2C40AB6493CF}.Debug|Any CPU.ActiveCfg = Debug|Any CPU
		{993C8A17-62A8-FE90-8E46-2C40AB6493CF}.Debug|Any CPU.Build.0 = Debug|Any CPU
		{993C8A17-62A8-FE90-8E46-2C40AB6493CF}.Release|Any CPU.ActiveCfg = Release|Any CPU
		{993C8A17-62A8-FE90-8E46-2C40AB6493CF}.Release|Any CPU.Build.0 = Release|Any CPU
		{875ADDF3-BFFE-AB74-F10E-83E133EA06FB}.Debug|Any CPU.ActiveCfg = Debug|Any CPU
		{875ADDF3-BFFE-AB74-F10E-83E133EA06FB}.Debug|Any CPU.Build.0 = Debug|Any CPU
		{875ADDF3-BFFE-AB74-F10E-83E133EA06FB}.Release|Any CPU.ActiveCfg = Release|Any CPU
		{875ADDF3-BFFE-AB74-F10E-83E133EA06FB}.Release|Any CPU.Build.0 = Release|Any CPU
		{1F25382D-93C5-D9B4-B061-FC0A030404CA}.Debug|Any CPU.ActiveCfg = Debug|Any CPU
		{1F25382D-93C5-D9B4-B061-FC0A030404CA}.Debug|Any CPU.Build.0 = Debug|Any CPU
		{1F25382D-93C5-D9B4-B061-FC0A030404CA}.Release|Any CPU.ActiveCfg = Release|Any CPU
		{1F25382D-93C5-D9B4-B061-FC0A030404CA}.Release|Any CPU.Build.0 = Release|Any CPU
		{9CE3CC79-1CE6-4168-BB1E-DB8EE0DDECB4}.Debug|Any CPU.ActiveCfg = Debug|Any CPU
		{9CE3CC79-1CE6-4168-BB1E-DB8EE0DDECB4}.Debug|Any CPU.Build.0 = Debug|Any CPU
		{9CE3CC79-1CE6-4168-BB1E-DB8EE0DDECB4}.Release|Any CPU.ActiveCfg = Release|Any CPU
		{9CE3CC79-1CE6-4168-BB1E-DB8EE0DDECB4}.Release|Any CPU.Build.0 = Release|Any CPU
		{35236BB1-B8B6-2E8F-2095-402E43DCDEDF}.Debug|Any CPU.ActiveCfg = Debug|Any CPU
		{35236BB1-B8B6-2E8F-2095-402E43DCDEDF}.Debug|Any CPU.Build.0 = Debug|Any CPU
		{35236BB1-B8B6-2E8F-2095-402E43DCDEDF}.Release|Any CPU.ActiveCfg = Release|Any CPU
		{35236BB1-B8B6-2E8F-2095-402E43DCDEDF}.Release|Any CPU.Build.0 = Release|Any CPU
		{71BB8898-3B67-E524-9E77-CBE63F4C4E21}.Debug|Any CPU.ActiveCfg = Debug|Any CPU
		{71BB8898-3B67-E524-9E77-CBE63F4C4E21}.Debug|Any CPU.Build.0 = Debug|Any CPU
		{71BB8898-3B67-E524-9E77-CBE63F4C4E21}.Release|Any CPU.ActiveCfg = Release|Any CPU
		{71BB8898-3B67-E524-9E77-CBE63F4C4E21}.Release|Any CPU.Build.0 = Release|Any CPU
		{4F6AF330-5D47-4D50-9049-DC914B66D804}.Debug|Any CPU.ActiveCfg = Debug|Any CPU
		{4F6AF330-5D47-4D50-9049-DC914B66D804}.Debug|Any CPU.Build.0 = Debug|Any CPU
		{4F6AF330-5D47-4D50-9049-DC914B66D804}.Release|Any CPU.ActiveCfg = Release|Any CPU
		{4F6AF330-5D47-4D50-9049-DC914B66D804}.Release|Any CPU.Build.0 = Release|Any CPU
		{AD017F07-5A8D-4291-90B1-0F373E93D71B}.Debug|Any CPU.ActiveCfg = Debug|Any CPU
		{AD017F07-5A8D-4291-90B1-0F373E93D71B}.Debug|Any CPU.Build.0 = Debug|Any CPU
		{AD017F07-5A8D-4291-90B1-0F373E93D71B}.Release|Any CPU.ActiveCfg = Release|Any CPU
		{AD017F07-5A8D-4291-90B1-0F373E93D71B}.Release|Any CPU.Build.0 = Release|Any CPU
		{9CF05796-8D68-4521-B446-43DE5FD6C315}.Debug|Any CPU.ActiveCfg = Debug|Any CPU
		{9CF05796-8D68-4521-B446-43DE5FD6C315}.Debug|Any CPU.Build.0 = Debug|Any CPU
		{9CF05796-8D68-4521-B446-43DE5FD6C315}.Release|Any CPU.ActiveCfg = Release|Any CPU
		{9CF05796-8D68-4521-B446-43DE5FD6C315}.Release|Any CPU.Build.0 = Release|Any CPU
		{AF3A1C6B-DA33-4A75-9888-E91C2EA13C86}.Debug|Any CPU.ActiveCfg = Debug|Any CPU
		{AF3A1C6B-DA33-4A75-9888-E91C2EA13C86}.Debug|Any CPU.Build.0 = Debug|Any CPU
		{AF3A1C6B-DA33-4A75-9888-E91C2EA13C86}.Release|Any CPU.ActiveCfg = Release|Any CPU
		{AF3A1C6B-DA33-4A75-9888-E91C2EA13C86}.Release|Any CPU.Build.0 = Release|Any CPU
		{62CC5F68-F9AB-4536-982E-4528638BDE16}.Debug|Any CPU.ActiveCfg = Debug|Any CPU
		{62CC5F68-F9AB-4536-982E-4528638BDE16}.Debug|Any CPU.Build.0 = Debug|Any CPU
		{62CC5F68-F9AB-4536-982E-4528638BDE16}.Release|Any CPU.ActiveCfg = Release|Any CPU
		{62CC5F68-F9AB-4536-982E-4528638BDE16}.Release|Any CPU.Build.0 = Release|Any CPU
		{993A9D84-ADF2-4A61-8801-12329231678C}.Debug|Any CPU.ActiveCfg = Debug|Any CPU
		{993A9D84-ADF2-4A61-8801-12329231678C}.Debug|Any CPU.Build.0 = Debug|Any CPU
		{993A9D84-ADF2-4A61-8801-12329231678C}.Release|Any CPU.ActiveCfg = Release|Any CPU
		{993A9D84-ADF2-4A61-8801-12329231678C}.Release|Any CPU.Build.0 = Release|Any CPU
		{AF9E031A-C2AB-4F63-9991-1A70359DF9E9}.Debug|Any CPU.ActiveCfg = Debug|Any CPU
		{AF9E031A-C2AB-4F63-9991-1A70359DF9E9}.Debug|Any CPU.Build.0 = Debug|Any CPU
		{AF9E031A-C2AB-4F63-9991-1A70359DF9E9}.Release|Any CPU.ActiveCfg = Release|Any CPU
		{AF9E031A-C2AB-4F63-9991-1A70359DF9E9}.Release|Any CPU.Build.0 = Release|Any CPU
		{9532ABCF-941D-4F2E-AC7B-C860A3154ABE}.Debug|Any CPU.ActiveCfg = Debug|Any CPU
		{9532ABCF-941D-4F2E-AC7B-C860A3154ABE}.Debug|Any CPU.Build.0 = Debug|Any CPU
		{9532ABCF-941D-4F2E-AC7B-C860A3154ABE}.Release|Any CPU.ActiveCfg = Release|Any CPU
		{9532ABCF-941D-4F2E-AC7B-C860A3154ABE}.Release|Any CPU.Build.0 = Release|Any CPU
		{B64F347B-C146-42EE-AEA8-890CA2B42F58}.Debug|Any CPU.ActiveCfg = Debug|Any CPU
		{B64F347B-C146-42EE-AEA8-890CA2B42F58}.Debug|Any CPU.Build.0 = Debug|Any CPU
		{B64F347B-C146-42EE-AEA8-890CA2B42F58}.Release|Any CPU.ActiveCfg = Release|Any CPU
		{B64F347B-C146-42EE-AEA8-890CA2B42F58}.Release|Any CPU.Build.0 = Release|Any CPU
		{A7D9CBDD-EC09-4A2C-AC61-79F8EE0AB2AB}.Debug|Any CPU.ActiveCfg = Debug|Any CPU
		{A7D9CBDD-EC09-4A2C-AC61-79F8EE0AB2AB}.Debug|Any CPU.Build.0 = Debug|Any CPU
		{A7D9CBDD-EC09-4A2C-AC61-79F8EE0AB2AB}.Release|Any CPU.ActiveCfg = Release|Any CPU
		{A7D9CBDD-EC09-4A2C-AC61-79F8EE0AB2AB}.Release|Any CPU.Build.0 = Release|Any CPU
		{DD9C7095-CD50-4192-BC2E-F608DB44ED9A}.Debug|Any CPU.ActiveCfg = Debug|Any CPU
		{DD9C7095-CD50-4192-BC2E-F608DB44ED9A}.Debug|Any CPU.Build.0 = Debug|Any CPU
		{DD9C7095-CD50-4192-BC2E-F608DB44ED9A}.Release|Any CPU.ActiveCfg = Release|Any CPU
		{DD9C7095-CD50-4192-BC2E-F608DB44ED9A}.Release|Any CPU.Build.0 = Release|Any CPU
		{3EFA991C-9A3A-450D-AAD6-F73AE689A736}.Debug|Any CPU.ActiveCfg = Debug|Any CPU
		{3EFA991C-9A3A-450D-AAD6-F73AE689A736}.Debug|Any CPU.Build.0 = Debug|Any CPU
		{3EFA991C-9A3A-450D-AAD6-F73AE689A736}.Release|Any CPU.ActiveCfg = Release|Any CPU
		{3EFA991C-9A3A-450D-AAD6-F73AE689A736}.Release|Any CPU.Build.0 = Release|Any CPU
		{8CA71664-C0A5-467A-8F21-867FE38507A7}.Debug|Any CPU.ActiveCfg = Debug|Any CPU
		{8CA71664-C0A5-467A-8F21-867FE38507A7}.Debug|Any CPU.Build.0 = Debug|Any CPU
		{8CA71664-C0A5-467A-8F21-867FE38507A7}.Release|Any CPU.ActiveCfg = Release|Any CPU
		{8CA71664-C0A5-467A-8F21-867FE38507A7}.Release|Any CPU.Build.0 = Release|Any CPU
		{69251A33-56A8-42EF-AC39-D3C0B1263286}.Debug|Any CPU.ActiveCfg = Debug|Any CPU
		{69251A33-56A8-42EF-AC39-D3C0B1263286}.Debug|Any CPU.Build.0 = Debug|Any CPU
		{69251A33-56A8-42EF-AC39-D3C0B1263286}.Release|Any CPU.ActiveCfg = Release|Any CPU
		{69251A33-56A8-42EF-AC39-D3C0B1263286}.Release|Any CPU.Build.0 = Release|Any CPU
		{1F3817EF-5EC5-4311-AF1E-AC4CA014DEA4}.Debug|Any CPU.ActiveCfg = Debug|Any CPU
		{1F3817EF-5EC5-4311-AF1E-AC4CA014DEA4}.Debug|Any CPU.Build.0 = Debug|Any CPU
		{1F3817EF-5EC5-4311-AF1E-AC4CA014DEA4}.Release|Any CPU.ActiveCfg = Release|Any CPU
		{1F3817EF-5EC5-4311-AF1E-AC4CA014DEA4}.Release|Any CPU.Build.0 = Release|Any CPU
	EndGlobalSection
	GlobalSection(SolutionProperties) = preSolution
		HideSolutionNode = FALSE
	EndGlobalSection
	GlobalSection(NestedProjects) = preSolution
		{BAEBAFF6-60CE-4ED2-9EFE-421A2B286BB8} = {B5C51F4F-F2C6-49DF-B0B3-3C5FD8AEDFC4}
		{29C8CD28-F58F-42E5-B8F7-53C1349EFF80} = {B5C51F4F-F2C6-49DF-B0B3-3C5FD8AEDFC4}
		{21C7B96E-F9CF-4351-A089-73B1C711F107} = {29C8CD28-F58F-42E5-B8F7-53C1349EFF80}
		{485CA41C-F02E-4DB8-892C-F4342B4FB955} = {BAEBAFF6-60CE-4ED2-9EFE-421A2B286BB8}
		{8F8A9A34-4B0A-46E1-ACF5-EF09A604CF4F} = {21C7B96E-F9CF-4351-A089-73B1C711F107}
		{986BAEB9-F96A-4265-A5C4-5ACB17D62F7E} = {21C7B96E-F9CF-4351-A089-73B1C711F107}
		{164D292D-4868-47EF-9BD7-36A02F32808C} = {21C7B96E-F9CF-4351-A089-73B1C711F107}
		{3D9FC7EC-D69C-4FD2-8336-539313C84801} = {21C7B96E-F9CF-4351-A089-73B1C711F107}
		{0035786D-8979-4BCC-B640-42228162E55B} = {B5C51F4F-F2C6-49DF-B0B3-3C5FD8AEDFC4}
		{55ECFEC5-9F02-4374-B757-663146923CDC} = {0035786D-8979-4BCC-B640-42228162E55B}
		{BF8F2D69-7B2A-48C3-8E9B-5058590C85E5} = {0035786D-8979-4BCC-B640-42228162E55B}
		{E0A75CF7-0AD6-436C-B029-980563A26A26} = {0035786D-8979-4BCC-B640-42228162E55B}
		{996C5921-C1E3-456B-AB81-48F4F8108452} = {0035786D-8979-4BCC-B640-42228162E55B}
		{9AF5D98C-BBD8-40D9-BEE8-37EC9DAB49B9} = {29C8CD28-F58F-42E5-B8F7-53C1349EFF80}
		{0F10277C-2E75-4DE8-8BE0-518BB12CE971} = {9AF5D98C-BBD8-40D9-BEE8-37EC9DAB49B9}
		{DD335E63-6452-4879-90F7-E61F296A9FE7} = {9AF5D98C-BBD8-40D9-BEE8-37EC9DAB49B9}
		{34B0F5F8-D04E-499C-85C9-5CC274055EDF} = {9AF5D98C-BBD8-40D9-BEE8-37EC9DAB49B9}
		{7A67C86C-9DCB-4CA2-ACEF-D51DDCC52EED} = {9AF5D98C-BBD8-40D9-BEE8-37EC9DAB49B9}
		{A3781AF6-A663-4000-8432-51B5AC5E755B} = {29C8CD28-F58F-42E5-B8F7-53C1349EFF80}
		{9489A8E2-A330-4C64-BEDF-0381B5400CE8} = {A3781AF6-A663-4000-8432-51B5AC5E755B}
		{65B09418-40DF-4117-99E7-88656E83344B} = {A3781AF6-A663-4000-8432-51B5AC5E755B}
		{D11F3008-C90D-4990-A0FB-5459B0F33CFE} = {A3781AF6-A663-4000-8432-51B5AC5E755B}
		{068F1ACF-F73F-4914-ABD3-D3D130C64AC7} = {A3781AF6-A663-4000-8432-51B5AC5E755B}
		{0C4A809A-48FE-421E-BD35-5B01D2FE5DD8} = {9AF5D98C-BBD8-40D9-BEE8-37EC9DAB49B9}
		{02EA681E-C7D8-13C7-8484-4AC65E1B71E8} = {29C8CD28-F58F-42E5-B8F7-53C1349EFF80}
		{0DCD8F1B-AB87-C767-9805-6858C7CF2BAB} = {02EA681E-C7D8-13C7-8484-4AC65E1B71E8}
		{993C8A17-62A8-FE90-8E46-2C40AB6493CF} = {02EA681E-C7D8-13C7-8484-4AC65E1B71E8}
		{875ADDF3-BFFE-AB74-F10E-83E133EA06FB} = {02EA681E-C7D8-13C7-8484-4AC65E1B71E8}
		{1F25382D-93C5-D9B4-B061-FC0A030404CA} = {02EA681E-C7D8-13C7-8484-4AC65E1B71E8}
		{9CE3CC79-1CE6-4168-BB1E-DB8EE0DDECB4} = {02EA681E-C7D8-13C7-8484-4AC65E1B71E8}
		{35236BB1-B8B6-2E8F-2095-402E43DCDEDF} = {A3781AF6-A663-4000-8432-51B5AC5E755B}
		{71BB8898-3B67-E524-9E77-CBE63F4C4E21} = {21C7B96E-F9CF-4351-A089-73B1C711F107}
		{4F6AF330-5D47-4D50-9049-DC914B66D804} = {C9FEF3A4-DC46-4800-9685-9C9777B85867}
		{EEDD5C1A-7E54-4E2F-921D-A3A5234463B3} = {9AF5D98C-BBD8-40D9-BEE8-37EC9DAB49B9}
		{AD017F07-5A8D-4291-90B1-0F373E93D71B} = {EEDD5C1A-7E54-4E2F-921D-A3A5234463B3}
		{DED42F8B-386D-42EC-AEC4-1A77F54E292B} = {A3781AF6-A663-4000-8432-51B5AC5E755B}
		{9CF05796-8D68-4521-B446-43DE5FD6C315} = {DED42F8B-386D-42EC-AEC4-1A77F54E292B}
		{7C2824C4-5A76-4BEA-9BF3-6C11D9971F06} = {21C7B96E-F9CF-4351-A089-73B1C711F107}
		{AF3A1C6B-DA33-4A75-9888-E91C2EA13C86} = {7C2824C4-5A76-4BEA-9BF3-6C11D9971F06}
		{4D492B9E-1028-4087-AA81-5B15006E972B} = {02EA681E-C7D8-13C7-8484-4AC65E1B71E8}
		{62CC5F68-F9AB-4536-982E-4528638BDE16} = {4D492B9E-1028-4087-AA81-5B15006E972B}
		{993A9D84-ADF2-4A61-8801-12329231678C} = {7C2824C4-5A76-4BEA-9BF3-6C11D9971F06}
		{AF9E031A-C2AB-4F63-9991-1A70359DF9E9} = {EEDD5C1A-7E54-4E2F-921D-A3A5234463B3}
		{9532ABCF-941D-4F2E-AC7B-C860A3154ABE} = {C9FEF3A4-DC46-4800-9685-9C9777B85867}
		{B64F347B-C146-42EE-AEA8-890CA2B42F58} = {4D492B9E-1028-4087-AA81-5B15006E972B}
		{A7D9CBDD-EC09-4A2C-AC61-79F8EE0AB2AB} = {4D492B9E-1028-4087-AA81-5B15006E972B}
		{DD9C7095-CD50-4192-BC2E-F608DB44ED9A} = {7C2824C4-5A76-4BEA-9BF3-6C11D9971F06}
		{3EFA991C-9A3A-450D-AAD6-F73AE689A736} = {DED42F8B-386D-42EC-AEC4-1A77F54E292B}
		{8CA71664-C0A5-467A-8F21-867FE38507A7} = {DED42F8B-386D-42EC-AEC4-1A77F54E292B}
		{69251A33-56A8-42EF-AC39-D3C0B1263286} = {EEDD5C1A-7E54-4E2F-921D-A3A5234463B3}
		{1F3817EF-5EC5-4311-AF1E-AC4CA014DEA4} = {BAEBAFF6-60CE-4ED2-9EFE-421A2B286BB8}
	EndGlobalSection
	GlobalSection(ExtensibilityGlobals) = postSolution
		SolutionGuid = {1E42AE86-7F3C-45F4-A386-AB71CC4446CB}
	EndGlobalSection
EndGlobal
